
Microsoft Visual Studio Solution File, Format Version 12.00
# Visual Studio Version 17
VisualStudioVersion = 17.0.31912.275
MinimumVisualStudioVersion = 10.0.40219.1
Project("{FAE04EC0-301F-11D3-BF4B-00C04F79EFBC}") = "Vlsm Musitelli", "vlsm\Vlsm Musitelli.csproj", "{C8D3E1CF-7783-44B8-B298-87E87F13BDDC}"
EndProject
Global
	GlobalSection(SolutionConfigurationPlatforms) = preSolution
		Debug|Any CPU = Debug|Any CPU
		Release|Any CPU = Release|Any CPU
	EndGlobalSection
	GlobalSection(ProjectConfigurationPlatforms) = postSolution
		{C8D3E1CF-7783-44B8-B298-87E87F13BDDC}.Debug|Any CPU.ActiveCfg = Debug|Any CPU
		{C8D3E1CF-7783-44B8-B298-87E87F13BDDC}.Debug|Any CPU.Build.0 = Debug|Any CPU
		{C8D3E1CF-7783-44B8-B298-87E87F13BDDC}.Release|Any CPU.ActiveCfg = Release|Any CPU
		{C8D3E1CF-7783-44B8-B298-87E87F13BDDC}.Release|Any CPU.Build.0 = Release|Any CPU
	EndGlobalSection
	GlobalSection(SolutionProperties) = preSolution
		HideSolutionNode = FALSE
	EndGlobalSection
	GlobalSection(ExtensibilityGlobals) = postSolution
		SolutionGuid = {BA9CD4E1-14EB-4BAC-85FD-B8D2C266CB4C}
	EndGlobalSection
EndGlobal
